
Microsoft Visual Studio Solution File, Format Version 12.00
# Visual Studio 14
VisualStudioVersion = 14.0.25420.1
MinimumVisualStudioVersion = 10.0.40219.1
Project("{FAE04EC0-301F-11D3-BF4B-00C04F79EFBC}") = "Dapper.MySql.Extension", "Dapper.MySql.Extension\Dapper.MySql.Extension.csproj", "{117F8B3B-F98D-40A7-90DD-7B884ABD3FA8}"
EndProject
Global
	GlobalSection(SolutionConfigurationPlatforms) = preSolution
		Debug|Any CPU = Debug|Any CPU
		Release|Any CPU = Release|Any CPU
	EndGlobalSection
	GlobalSection(ProjectConfigurationPlatforms) = postSolution
		{117F8B3B-F98D-40A7-90DD-7B884ABD3FA8}.Debug|Any CPU.ActiveCfg = Debug|Any CPU
		{117F8B3B-F98D-40A7-90DD-7B884ABD3FA8}.Debug|Any CPU.Build.0 = Debug|Any CPU
		{117F8B3B-F98D-40A7-90DD-7B884ABD3FA8}.Release|Any CPU.ActiveCfg = Release|Any CPU
		{117F8B3B-F98D-40A7-90DD-7B884ABD3FA8}.Release|Any CPU.Build.0 = Release|Any CPU
	EndGlobalSection
	GlobalSection(SolutionProperties) = preSolution
		HideSolutionNode = FALSE
	EndGlobalSection
EndGlobal
